PODS:
  - Cache (5.2.0)
  - Imaginary (4.2.0):
    - Cache (~> 5.0)
  - JGProgressHUD (2.1)
  - Lightbox (2.3.0):
    - Imaginary (~> 4.0)
  - lottie-ios (3.1.6)
  - MobileVLCKit (3.3.10)
  - Realm (4.4.0):
    - Realm/Headers (= 4.4.0)
  - Realm/Headers (4.4.0)
  - RealmSwift (4.4.0):
    - Realm (= 4.4.0)
  - ReCaptcha (1.5.0):
    - ReCaptcha/Core (= 1.5.0)
  - ReCaptcha/Core (1.5.0)
  - SDWebImage (5.7.2):
    - SDWebImage/Core (= 5.7.2)
  - SDWebImage/Core (5.7.2)
  - SnapKit (5.0.1)

DEPENDENCIES:
  - JGProgressHUD
  - Lightbox
  - lottie-ios
  - MobileVLCKit
  - RealmSwift
  - ReCaptcha
  - SDWebImage (~> 5.6)
  - SnapKit (~> 5.0)

SPEC REPOS:
  trunk:
    - Cache
    - Imaginary
    - JGProgressHUD
    - Lightbox
    - lottie-ios
    - MobileVLCKit
    - Realm
    - RealmSwift
    - ReCaptcha
    - SDWebImage
    - SnapKit

SPEC CHECKSUMS:
  Cache: 807c5d86d01a177f06ede9865add3aea269bbfd4
  Imaginary: dae33d06dbc2ada22f98afef5eb45cc061311a2c
  JGProgressHUD: aa403e9a5b45cae98903c4600cccdd98c0c3ec90
  Lightbox: d317750e4132bfb871a5307cfe0a2c7d6a583c65
  lottie-ios: 85ce835dd8c53e02509f20729fc7d6a4e6645a0a
  MobileVLCKit: 34a4d22c48ea48a36c2a6fdf290d4ea094869ac0
  Realm: e125f464884cda953ebefe70c671b75b03b81b9b
  RealmSwift: 33656a42bd300959a081fc13347376bc478071af
  ReCaptcha: 40ae1dc390fd5837267674b9a6ae0978abb5eeeb
  SDWebImage: d9ea4959d99c52276dfada481987018fcaea3d58
  SnapKit: 97b92857e3df3a0c71833cce143274bf6ef8e5eb

PODFILE CHECKSUM: 635ae42a08fda097afe4d0cf4fffe52c78092dca

COCOAPODS: 1.9.1
