// !$*UTF8*$!
{
	archiveVersion = 1;
	classes = {
	};
	objectVersion = 50;
	objects = {

/* Begin PBXBuildFile section */
		7306CEBC2435DF6300B301D1 /* PostViewController.swift in Sources */ = {isa = PBXBuildFile; fileRef = 7306CEBB2435DF6300B301D1 /* PostViewController.swift */; };
		7306CEBF2435E50F00B301D1 /* PostView.swift in Sources */ = {isa = PBXBuildFile; fileRef = 7306CEBE2435E50F00B301D1 /* PostView.swift */; };
		7306CEC12435F1CF00B301D1 /* PostViewInput.swift in Sources */ = {isa = PBXBuildFile; fileRef = 7306CEC02435F1CF00B301D1 /* PostViewInput.swift */; };
		7306CEC32435F2D000B301D1 /* PostViewOutput.swift in Sources */ = {isa = PBXBuildFile; fileRef = 7306CEC22435F2D000B301D1 /* PostViewOutput.swift */; };
		7306CEC62435F3AC00B301D1 /* PostPresenter.swift in Sources */ = {isa = PBXBuildFile; fileRef = 7306CEC52435F3AC00B301D1 /* PostPresenter.swift */; };
		731431AD241E5E1F0065E0DB /* Thread.swift in Sources */ = {isa = PBXBuildFile; fileRef = 731431AC241E5E1F0065E0DB /* Thread.swift */; };
		731431AF241E5E910065E0DB /* Post.swift in Sources */ = {isa = PBXBuildFile; fileRef = 731431AE241E5E910065E0DB /* Post.swift */; };
		731431B3241E68630065E0DB /* ThreadDto.swift in Sources */ = {isa = PBXBuildFile; fileRef = 731431B2241E68630065E0DB /* ThreadDto.swift */; };
		731431B5241E6A160065E0DB /* BoardThreadsServiceImpl.swift in Sources */ = {isa = PBXBuildFile; fileRef = 731431B4241E6A160065E0DB /* BoardThreadsServiceImpl.swift */; };
		731431B7241E6A4D0065E0DB /* AbstractApiClientService.swift in Sources */ = {isa = PBXBuildFile; fileRef = 731431B6241E6A4D0065E0DB /* AbstractApiClientService.swift */; };
		731431BE241E70AC0065E0DB /* ThreadSelectorViewController.swift in Sources */ = {isa = PBXBuildFile; fileRef = 731431BD241E70AC0065E0DB /* ThreadSelectorViewController.swift */; };
		731431C0241E7C570065E0DB /* ThreadSelectorViewInput.swift in Sources */ = {isa = PBXBuildFile; fileRef = 731431BF241E7C570065E0DB /* ThreadSelectorViewInput.swift */; };
		731431C3241E7FB00065E0DB /* ThreadTableViewCell.swift in Sources */ = {isa = PBXBuildFile; fileRef = 731431C2241E7FB00065E0DB /* ThreadTableViewCell.swift */; };
		731431C6241E8AEA0065E0DB /* ThreadSelectorViewOutput.swift in Sources */ = {isa = PBXBuildFile; fileRef = 731431C5241E8AEA0065E0DB /* ThreadSelectorViewOutput.swift */; };
		731431C8241E8B230065E0DB /* ThreadSelectorPresenter.swift in Sources */ = {isa = PBXBuildFile; fileRef = 731431C7241E8B230065E0DB /* ThreadSelectorPresenter.swift */; };
		731431CA241E8BB10065E0DB /* ThreadSelectorInteractorInput.swift in Sources */ = {isa = PBXBuildFile; fileRef = 731431C9241E8BB10065E0DB /* ThreadSelectorInteractorInput.swift */; };
		731431CD241E8BE20065E0DB /* ThreadSelectorInteractorOutput.swift in Sources */ = {isa = PBXBuildFile; fileRef = 731431CC241E8BE20065E0DB /* ThreadSelectorInteractorOutput.swift */; };
		731431CF241E8C270065E0DB /* ThreadSelectorInteractor.swift in Sources */ = {isa = PBXBuildFile; fileRef = 731431CE241E8C270065E0DB /* ThreadSelectorInteractor.swift */; };
		731431D2241E8F110065E0DB /* ThreadSelectorDataSource.swift in Sources */ = {isa = PBXBuildFile; fileRef = 731431D1241E8F110065E0DB /* ThreadSelectorDataSource.swift */; };
		731431D4241E8F4A0065E0DB /* ThreadSelectorDataSourceImpl.swift in Sources */ = {isa = PBXBuildFile; fileRef = 731431D3241E8F4A0065E0DB /* ThreadSelectorDataSourceImpl.swift */; };
		731431D6241E90F70065E0DB /* ThreadSelectorConfigurator.swift in Sources */ = {isa = PBXBuildFile; fileRef = 731431D5241E90F70065E0DB /* ThreadSelectorConfigurator.swift */; };
		735E618D241CB9FC001053A6 /* MainTabBarController.swift in Sources */ = {isa = PBXBuildFile; fileRef = 735E618C241CB9FC001053A6 /* MainTabBarController.swift */; };
		736595F12435F45300DE04D9 /* PostInteractorInput.swift in Sources */ = {isa = PBXBuildFile; fileRef = 736595F02435F45300DE04D9 /* PostInteractorInput.swift */; };
		736595F42435F4C200DE04D9 /* PostRouterInput.swift in Sources */ = {isa = PBXBuildFile; fileRef = 736595F32435F4C200DE04D9 /* PostRouterInput.swift */; };
		736595F62435FCF600DE04D9 /* PostInteractorOutput.swift in Sources */ = {isa = PBXBuildFile; fileRef = 736595F52435FCF600DE04D9 /* PostInteractorOutput.swift */; };
		736595F824360EC700DE04D9 /* PostInteractor.swift in Sources */ = {isa = PBXBuildFile; fileRef = 736595F724360EC700DE04D9 /* PostInteractor.swift */; };
		736595FA2436106D00DE04D9 /* PostRouter.swift in Sources */ = {isa = PBXBuildFile; fileRef = 736595F92436106D00DE04D9 /* PostRouter.swift */; };
		736595FC243611F900DE04D9 /* PostConfigurator.swift in Sources */ = {isa = PBXBuildFile; fileRef = 736595FB243611F900DE04D9 /* PostConfigurator.swift */; };
		73744C8F241D1145005BE264 /* BoardsDataSourceOutput.swift in Sources */ = {isa = PBXBuildFile; fileRef = 73744C8E241D1145005BE264 /* BoardsDataSourceOutput.swift */; };
		73828DAD2414EE1E0073623D /* Colors.swift in Sources */ = {isa = PBXBuildFile; fileRef = 73828DAC2414EE1E0073623D /* Colors.swift */; };
		73828DAF24150FB90073623D /* Extensions.swift in Sources */ = {isa = PBXBuildFile; fileRef = 73828DAE24150FB90073623D /* Extensions.swift */; };
		73828DB12415383D0073623D /* BoardSelectorViewOutput.swift in Sources */ = {isa = PBXBuildFile; fileRef = 73828DB02415383D0073623D /* BoardSelectorViewOutput.swift */; };
		73828DB424153EE90073623D /* BoardsDataSourceProtocol.swift in Sources */ = {isa = PBXBuildFile; fileRef = 73828DB324153EE90073623D /* BoardsDataSourceProtocol.swift */; };
		73828DB6241544F50073623D /* BoardCategories.swift in Sources */ = {isa = PBXBuildFile; fileRef = 73828DB5241544F50073623D /* BoardCategories.swift */; };
		73828DB92415482A0073623D /* BoardsDataSource.swift in Sources */ = {isa = PBXBuildFile; fileRef = 73828DB82415482A0073623D /* BoardsDataSource.swift */; };
		73828DBB24154D8F0073623D /* BoardSecectorPresenter.swift in Sources */ = {isa = PBXBuildFile; fileRef = 73828DBA24154D8F0073623D /* BoardSecectorPresenter.swift */; };
		73828DBD24154DFF0073623D /* BoardSelectorInteractorInput.swift in Sources */ = {isa = PBXBuildFile; fileRef = 73828DBC24154DFF0073623D /* BoardSelectorInteractorInput.swift */; };
		73828DC124154E3A0073623D /* BoardSelectorInteractorOutput.swift in Sources */ = {isa = PBXBuildFile; fileRef = 73828DC024154E3A0073623D /* BoardSelectorInteractorOutput.swift */; };
		73828DC324154E650073623D /* BoardSelectorViewInput.swift in Sources */ = {isa = PBXBuildFile; fileRef = 73828DC224154E650073623D /* BoardSelectorViewInput.swift */; };
		73828DC524154F0D0073623D /* BoardSelectorInteractor.swift in Sources */ = {isa = PBXBuildFile; fileRef = 73828DC424154F0D0073623D /* BoardSelectorInteractor.swift */; };
		73828DC7241552430073623D /* BoardSelectorRouterInput.swift in Sources */ = {isa = PBXBuildFile; fileRef = 73828DC6241552430073623D /* BoardSelectorRouterInput.swift */; };
		73828DC9241554100073623D /* BoardSelectorConfigurator.swift in Sources */ = {isa = PBXBuildFile; fileRef = 73828DC8241554100073623D /* BoardSelectorConfigurator.swift */; };
		73828DCB2415548A0073623D /* BoardSelectorRouter.swift in Sources */ = {isa = PBXBuildFile; fileRef = 73828DCA2415548A0073623D /* BoardSelectorRouter.swift */; };
		73C2A17A2430D89700BFDAAE /* ThreadTableViewCellDelegate.swift in Sources */ = {isa = PBXBuildFile; fileRef = 73C2A1792430D89700BFDAAE /* ThreadTableViewCellDelegate.swift */; };
		73C2A17C2430D94E00BFDAAE /* ThreadSelectorDataSourceOutput.swift in Sources */ = {isa = PBXBuildFile; fileRef = 73C2A17B2430D94E00BFDAAE /* ThreadSelectorDataSourceOutput.swift */; };
		73C2A17E2430D9B400BFDAAE /* ThreadSelectorRouterInput.swift in Sources */ = {isa = PBXBuildFile; fileRef = 73C2A17D2430D9B400BFDAAE /* ThreadSelectorRouterInput.swift */; };
		73C2A1802430D9F100BFDAAE /* ThreadSelectorRouter.swift in Sources */ = {isa = PBXBuildFile; fileRef = 73C2A17F2430D9F100BFDAAE /* ThreadSelectorRouter.swift */; };
		73C2A1832430DFA000BFDAAE /* AttachmentDto.swift in Sources */ = {isa = PBXBuildFile; fileRef = 73C2A1822430DFA000BFDAAE /* AttachmentDto.swift */; };
		73C2A18A2431EA0900BFDAAE /* ThreadViewInput.swift in Sources */ = {isa = PBXBuildFile; fileRef = 73C2A1892431EA0900BFDAAE /* ThreadViewInput.swift */; };
		73C2A18C2431EA2100BFDAAE /* ThreadViewOutput.swift in Sources */ = {isa = PBXBuildFile; fileRef = 73C2A18B2431EA2100BFDAAE /* ThreadViewOutput.swift */; };
		73C2A18E2431EA5C00BFDAAE /* ThreadViewController.swift in Sources */ = {isa = PBXBuildFile; fileRef = 73C2A18D2431EA5C00BFDAAE /* ThreadViewController.swift */; };
		73C2A1912431EE0E00BFDAAE /* ThreadDataSource.swift in Sources */ = {isa = PBXBuildFile; fileRef = 73C2A1902431EE0E00BFDAAE /* ThreadDataSource.swift */; };
		73C2A1942431F08900BFDAAE /* ThreadPostCell.swift in Sources */ = {isa = PBXBuildFile; fileRef = 73C2A1932431F08900BFDAAE /* ThreadPostCell.swift */; };
		73C2A1962431F7C900BFDAAE /* AttachmentCell.swift in Sources */ = {isa = PBXBuildFile; fileRef = 73C2A1952431F7C900BFDAAE /* AttachmentCell.swift */; };
		73C2A1982431FDA400BFDAAE /* ThreadPostCellDelegate.swift in Sources */ = {isa = PBXBuildFile; fileRef = 73C2A1972431FDA400BFDAAE /* ThreadPostCellDelegate.swift */; };
		73C2A19A2431FFAD00BFDAAE /* ThreadPresenter.swift in Sources */ = {isa = PBXBuildFile; fileRef = 73C2A1992431FFAD00BFDAAE /* ThreadPresenter.swift */; };
		73C2A19C2432000300BFDAAE /* ThreadInteractorInput.swift in Sources */ = {isa = PBXBuildFile; fileRef = 73C2A19B2432000300BFDAAE /* ThreadInteractorInput.swift */; };
		73C2A19E2432002200BFDAAE /* ThreadRouterInput.swift in Sources */ = {isa = PBXBuildFile; fileRef = 73C2A19D2432002200BFDAAE /* ThreadRouterInput.swift */; };
		73C2A1A0243208A500BFDAAE /* ThreadInteractor.swift in Sources */ = {isa = PBXBuildFile; fileRef = 73C2A19F243208A500BFDAAE /* ThreadInteractor.swift */; };
		73C2A1A2243208F200BFDAAE /* ThreadInteractorOutput.swift in Sources */ = {isa = PBXBuildFile; fileRef = 73C2A1A1243208F200BFDAAE /* ThreadInteractorOutput.swift */; };
		73C2A1A424322EAF00BFDAAE /* ThreadDataSourceImpl.swift in Sources */ = {isa = PBXBuildFile; fileRef = 73C2A1A324322EAF00BFDAAE /* ThreadDataSourceImpl.swift */; };
		73C2A1A624322F5E00BFDAAE /* ThreadDataSourceOutput.swift in Sources */ = {isa = PBXBuildFile; fileRef = 73C2A1A524322F5E00BFDAAE /* ThreadDataSourceOutput.swift */; };
		73C2A1A824322FD200BFDAAE /* ThreadRouter.swift in Sources */ = {isa = PBXBuildFile; fileRef = 73C2A1A724322FD200BFDAAE /* ThreadRouter.swift */; };
		73C2A1AA2432317D00BFDAAE /* ThreadConfigurator.swift in Sources */ = {isa = PBXBuildFile; fileRef = 73C2A1A92432317D00BFDAAE /* ThreadConfigurator.swift */; };
		73C3FF712413C026009D4A18 /* Board.swift in Sources */ = {isa = PBXBuildFile; fileRef = 73C3FF702413C026009D4A18 /* Board.swift */; };
		73C3FF732413C09F009D4A18 /* BoardCategoriesResponse.swift in Sources */ = {isa = PBXBuildFile; fileRef = 73C3FF722413C09F009D4A18 /* BoardCategoriesResponse.swift */; };
		73C3FF762413CD07009D4A18 /* Endpoint.swift in Sources */ = {isa = PBXBuildFile; fileRef = 73C3FF752413CD07009D4A18 /* Endpoint.swift */; };
		73C3FF782413D09C009D4A18 /* ApiClient.swift in Sources */ = {isa = PBXBuildFile; fileRef = 73C3FF772413D09C009D4A18 /* ApiClient.swift */; };
		73C3FF7A2413DBA8009D4A18 /* ApiError.swift in Sources */ = {isa = PBXBuildFile; fileRef = 73C3FF792413DBA8009D4A18 /* ApiError.swift */; };
		73C3FF7C2413E024009D4A18 /* BoardsService.swift in Sources */ = {isa = PBXBuildFile; fileRef = 73C3FF7B2413E024009D4A18 /* BoardsService.swift */; };
		73C3FF7F2413E0D7009D4A18 /* BoardsServiceImpl.swift in Sources */ = {isa = PBXBuildFile; fileRef = 73C3FF7E2413E0D7009D4A18 /* BoardsServiceImpl.swift */; };
		73D0A939241E5B2900FF2C04 /* BoardThreadsService.swift in Sources */ = {isa = PBXBuildFile; fileRef = 73D0A938241E5B2900FF2C04 /* BoardThreadsService.swift */; };
		73D0A93D241E5B6900FF2C04 /* ThreadResponse.swift in Sources */ = {isa = PBXBuildFile; fileRef = 73D0A93C241E5B6900FF2C04 /* ThreadResponse.swift */; };
		73D75C4A2413A28200A9554C /* AppDelegate.swift in Sources */ = {isa = PBXBuildFile; fileRef = 73D75C492413A28200A9554C /* AppDelegate.swift */; };
		73D75C4E2413A28200A9554C /* BoardSelectorViewController.swift in Sources */ = {isa = PBXBuildFile; fileRef = 73D75C4D2413A28200A9554C /* BoardSelectorViewController.swift */; };
		73D75C532413A28300A9554C /* Assets.xcassets in Resources */ = {isa = PBXBuildFile; fileRef = 73D75C522413A28300A9554C /* Assets.xcassets */; };
		73D75C562413A28300A9554C /* LaunchScreen.storyboard in Resources */ = {isa = PBXBuildFile; fileRef = 73D75C542413A28300A9554C /* LaunchScreen.storyboard */; };
		73E36260241622A3006029DA /* BoardTableViewCell.swift in Sources */ = {isa = PBXBuildFile; fileRef = 73E3625F241622A3006029DA /* BoardTableViewCell.swift */; };
		73F38FB224339377007F7242 /* loading.json in Resources */ = {isa = PBXBuildFile; fileRef = 73F38FB124339376007F7242 /* loading.json */; };
		73F38FB8243486EE007F7242 /* UrlCheckerService.swift in Sources */ = {isa = PBXBuildFile; fileRef = 73F38FB7243486EE007F7242 /* UrlCheckerService.swift */; };
		73F38FBA24348753007F7242 /* UrlType.swift in Sources */ = {isa = PBXBuildFile; fileRef = 73F38FB924348753007F7242 /* UrlType.swift */; };
		73F38FBC24348829007F7242 /* UrlCheckerServiceImpl.swift in Sources */ = {isa = PBXBuildFile; fileRef = 73F38FBB24348829007F7242 /* UrlCheckerServiceImpl.swift */; };
		99E04C5437B385EA3F79346A /* Pods_iChan.framework in Frameworks */ = {isa = PBXBuildFile; fileRef = 05D1E6D111D4E9256A3DF56F /* Pods_iChan.framework */; };
/* End PBXBuildFile section */

/* Begin PBXFileReference section */
		05D1E6D111D4E9256A3DF56F /* Pods_iChan.framework */ = {isa = PBXFileReference; explicitFileType = wrapper.framework; includeInIndex = 0; path = Pods_iChan.framework; sourceTree = BUILT_PRODUCTS_DIR; };
		4B5B5674A098CFA69125F925 /* Pods-iChan.debug.xcconfig */ = {isa = PBXFileReference; includeInIndex = 1; lastKnownFileType = text.xcconfig; name = "Pods-iChan.debug.xcconfig"; path = "Target Support Files/Pods-iChan/Pods-iChan.debug.xcconfig"; sourceTree = "<group>"; };
		7306CEBB2435DF6300B301D1 /* PostViewController.swift */ = {isa = PBXFileReference; lastKnownFileType = sourcecode.swift; path = PostViewController.swift; sourceTree = "<group>"; };
		7306CEBE2435E50F00B301D1 /* PostView.swift */ = {isa = PBXFileReference; lastKnownFileType = sourcecode.swift; path = PostView.swift; sourceTree = "<group>"; };
		7306CEC02435F1CF00B301D1 /* PostViewInput.swift */ = {isa = PBXFileReference; lastKnownFileType = sourcecode.swift; path = PostViewInput.swift; sourceTree = "<group>"; };
		7306CEC22435F2D000B301D1 /* PostViewOutput.swift */ = {isa = PBXFileReference; lastKnownFileType = sourcecode.swift; path = PostViewOutput.swift; sourceTree = "<group>"; };
		7306CEC52435F3AC00B301D1 /* PostPresenter.swift */ = {isa = PBXFileReference; lastKnownFileType = sourcecode.swift; path = PostPresenter.swift; sourceTree = "<group>"; };
		731431AC241E5E1F0065E0DB /* Thread.swift */ = {isa = PBXFileReference; lastKnownFileType = sourcecode.swift; path = Thread.swift; sourceTree = "<group>"; };
		731431AE241E5E910065E0DB /* Post.swift */ = {isa = PBXFileReference; lastKnownFileType = sourcecode.swift; path = Post.swift; sourceTree = "<group>"; };
		731431B2241E68630065E0DB /* ThreadDto.swift */ = {isa = PBXFileReference; lastKnownFileType = sourcecode.swift; path = ThreadDto.swift; sourceTree = "<group>"; };
		731431B4241E6A160065E0DB /* BoardThreadsServiceImpl.swift */ = {isa = PBXFileReference; lastKnownFileType = sourcecode.swift; path = BoardThreadsServiceImpl.swift; sourceTree = "<group>"; };
		731431B6241E6A4D0065E0DB /* AbstractApiClientService.swift */ = {isa = PBXFileReference; lastKnownFileType = sourcecode.swift; path = AbstractApiClientService.swift; sourceTree = "<group>"; };
		731431BD241E70AC0065E0DB /* ThreadSelectorViewController.swift */ = {isa = PBXFileReference; lastKnownFileType = sourcecode.swift; path = ThreadSelectorViewController.swift; sourceTree = "<group>"; };
		731431BF241E7C570065E0DB /* ThreadSelectorViewInput.swift */ = {isa = PBXFileReference; lastKnownFileType = sourcecode.swift; path = ThreadSelectorViewInput.swift; sourceTree = "<group>"; };
		731431C2241E7FB00065E0DB /* ThreadTableViewCell.swift */ = {isa = PBXFileReference; lastKnownFileType = sourcecode.swift; path = ThreadTableViewCell.swift; sourceTree = "<group>"; };
		731431C5241E8AEA0065E0DB /* ThreadSelectorViewOutput.swift */ = {isa = PBXFileReference; lastKnownFileType = sourcecode.swift; path = ThreadSelectorViewOutput.swift; sourceTree = "<group>"; };
		731431C7241E8B230065E0DB /* ThreadSelectorPresenter.swift */ = {isa = PBXFileReference; lastKnownFileType = sourcecode.swift; path = ThreadSelectorPresenter.swift; sourceTree = "<group>"; };
		731431C9241E8BB10065E0DB /* ThreadSelectorInteractorInput.swift */ = {isa = PBXFileReference; lastKnownFileType = sourcecode.swift; path = ThreadSelectorInteractorInput.swift; sourceTree = "<group>"; };
		731431CC241E8BE20065E0DB /* ThreadSelectorInteractorOutput.swift */ = {isa = PBXFileReference; lastKnownFileType = sourcecode.swift; path = ThreadSelectorInteractorOutput.swift; sourceTree = "<group>"; };
		731431CE241E8C270065E0DB /* ThreadSelectorInteractor.swift */ = {isa = PBXFileReference; lastKnownFileType = sourcecode.swift; path = ThreadSelectorInteractor.swift; sourceTree = "<group>"; };
		731431D1241E8F110065E0DB /* ThreadSelectorDataSource.swift */ = {isa = PBXFileReference; lastKnownFileType = sourcecode.swift; path = ThreadSelectorDataSource.swift; sourceTree = "<group>"; };
		731431D3241E8F4A0065E0DB /* ThreadSelectorDataSourceImpl.swift */ = {isa = PBXFileReference; lastKnownFileType = sourcecode.swift; path = ThreadSelectorDataSourceImpl.swift; sourceTree = "<group>"; };
		731431D5241E90F70065E0DB /* ThreadSelectorConfigurator.swift */ = {isa = PBXFileReference; lastKnownFileType = sourcecode.swift; path = ThreadSelectorConfigurator.swift; sourceTree = "<group>"; };
		735E618C241CB9FC001053A6 /* MainTabBarController.swift */ = {isa = PBXFileReference; lastKnownFileType = sourcecode.swift; path = MainTabBarController.swift; sourceTree = "<group>"; };
		736595F02435F45300DE04D9 /* PostInteractorInput.swift */ = {isa = PBXFileReference; lastKnownFileType = sourcecode.swift; path = PostInteractorInput.swift; sourceTree = "<group>"; };
		736595F32435F4C200DE04D9 /* PostRouterInput.swift */ = {isa = PBXFileReference; lastKnownFileType = sourcecode.swift; path = PostRouterInput.swift; sourceTree = "<group>"; };
		736595F52435FCF600DE04D9 /* PostInteractorOutput.swift */ = {isa = PBXFileReference; lastKnownFileType = sourcecode.swift; path = PostInteractorOutput.swift; sourceTree = "<group>"; };
		736595F724360EC700DE04D9 /* PostInteractor.swift */ = {isa = PBXFileReference; lastKnownFileType = sourcecode.swift; path = PostInteractor.swift; sourceTree = "<group>"; };
		736595F92436106D00DE04D9 /* PostRouter.swift */ = {isa = PBXFileReference; lastKnownFileType = sourcecode.swift; path = PostRouter.swift; sourceTree = "<group>"; };
		736595FB243611F900DE04D9 /* PostConfigurator.swift */ = {isa = PBXFileReference; lastKnownFileType = sourcecode.swift; path = PostConfigurator.swift; sourceTree = "<group>"; };
		73744C8E241D1145005BE264 /* BoardsDataSourceOutput.swift */ = {isa = PBXFileReference; lastKnownFileType = sourcecode.swift; path = BoardsDataSourceOutput.swift; sourceTree = "<group>"; };
		73828DAC2414EE1E0073623D /* Colors.swift */ = {isa = PBXFileReference; lastKnownFileType = sourcecode.swift; path = Colors.swift; sourceTree = "<group>"; };
		73828DAE24150FB90073623D /* Extensions.swift */ = {isa = PBXFileReference; lastKnownFileType = sourcecode.swift; path = Extensions.swift; sourceTree = "<group>"; tabWidth = 4; };
		73828DB02415383D0073623D /* BoardSelectorViewOutput.swift */ = {isa = PBXFileReference; lastKnownFileType = sourcecode.swift; path = BoardSelectorViewOutput.swift; sourceTree = "<group>"; };
		73828DB324153EE90073623D /* BoardsDataSourceProtocol.swift */ = {isa = PBXFileReference; lastKnownFileType = sourcecode.swift; path = BoardsDataSourceProtocol.swift; sourceTree = "<group>"; };
		73828DB5241544F50073623D /* BoardCategories.swift */ = {isa = PBXFileReference; lastKnownFileType = sourcecode.swift; path = BoardCategories.swift; sourceTree = "<group>"; };
		73828DB82415482A0073623D /* BoardsDataSource.swift */ = {isa = PBXFileReference; lastKnownFileType = sourcecode.swift; path = BoardsDataSource.swift; sourceTree = "<group>"; };
		73828DBA24154D8F0073623D /* BoardSecectorPresenter.swift */ = {isa = PBXFileReference; lastKnownFileType = sourcecode.swift; path = BoardSecectorPresenter.swift; sourceTree = "<group>"; };
		73828DBC24154DFF0073623D /* BoardSelectorInteractorInput.swift */ = {isa = PBXFileReference; lastKnownFileType = sourcecode.swift; path = BoardSelectorInteractorInput.swift; sourceTree = "<group>"; };
		73828DC024154E3A0073623D /* BoardSelectorInteractorOutput.swift */ = {isa = PBXFileReference; lastKnownFileType = sourcecode.swift; path = BoardSelectorInteractorOutput.swift; sourceTree = "<group>"; };
		73828DC224154E650073623D /* BoardSelectorViewInput.swift */ = {isa = PBXFileReference; lastKnownFileType = sourcecode.swift; path = BoardSelectorViewInput.swift; sourceTree = "<group>"; };
		73828DC424154F0D0073623D /* BoardSelectorInteractor.swift */ = {isa = PBXFileReference; lastKnownFileType = sourcecode.swift; path = BoardSelectorInteractor.swift; sourceTree = "<group>"; };
		73828DC6241552430073623D /* BoardSelectorRouterInput.swift */ = {isa = PBXFileReference; lastKnownFileType = sourcecode.swift; path = BoardSelectorRouterInput.swift; sourceTree = "<group>"; };
		73828DC8241554100073623D /* BoardSelectorConfigurator.swift */ = {isa = PBXFileReference; lastKnownFileType = sourcecode.swift; path = BoardSelectorConfigurator.swift; sourceTree = "<group>"; };
		73828DCA2415548A0073623D /* BoardSelectorRouter.swift */ = {isa = PBXFileReference; lastKnownFileType = sourcecode.swift; path = BoardSelectorRouter.swift; sourceTree = "<group>"; };
		73C2A1792430D89700BFDAAE /* ThreadTableViewCellDelegate.swift */ = {isa = PBXFileReference; lastKnownFileType = sourcecode.swift; path = ThreadTableViewCellDelegate.swift; sourceTree = "<group>"; };
		73C2A17B2430D94E00BFDAAE /* ThreadSelectorDataSourceOutput.swift */ = {isa = PBXFileReference; lastKnownFileType = sourcecode.swift; path = ThreadSelectorDataSourceOutput.swift; sourceTree = "<group>"; };
		73C2A17D2430D9B400BFDAAE /* ThreadSelectorRouterInput.swift */ = {isa = PBXFileReference; lastKnownFileType = sourcecode.swift; path = ThreadSelectorRouterInput.swift; sourceTree = "<group>"; };
		73C2A17F2430D9F100BFDAAE /* ThreadSelectorRouter.swift */ = {isa = PBXFileReference; lastKnownFileType = sourcecode.swift; path = ThreadSelectorRouter.swift; sourceTree = "<group>"; };
		73C2A1822430DFA000BFDAAE /* AttachmentDto.swift */ = {isa = PBXFileReference; lastKnownFileType = sourcecode.swift; path = AttachmentDto.swift; sourceTree = "<group>"; };
		73C2A1892431EA0900BFDAAE /* ThreadViewInput.swift */ = {isa = PBXFileReference; lastKnownFileType = sourcecode.swift; path = ThreadViewInput.swift; sourceTree = "<group>"; };
		73C2A18B2431EA2100BFDAAE /* ThreadViewOutput.swift */ = {isa = PBXFileReference; lastKnownFileType = sourcecode.swift; path = ThreadViewOutput.swift; sourceTree = "<group>"; };
		73C2A18D2431EA5C00BFDAAE /* ThreadViewController.swift */ = {isa = PBXFileReference; lastKnownFileType = sourcecode.swift; path = ThreadViewController.swift; sourceTree = "<group>"; };
		73C2A1902431EE0E00BFDAAE /* ThreadDataSource.swift */ = {isa = PBXFileReference; lastKnownFileType = sourcecode.swift; path = ThreadDataSource.swift; sourceTree = "<group>"; };
		73C2A1932431F08900BFDAAE /* ThreadPostCell.swift */ = {isa = PBXFileReference; lastKnownFileType = sourcecode.swift; path = ThreadPostCell.swift; sourceTree = "<group>"; };
		73C2A1952431F7C900BFDAAE /* AttachmentCell.swift */ = {isa = PBXFileReference; lastKnownFileType = sourcecode.swift; path = AttachmentCell.swift; sourceTree = "<group>"; };
		73C2A1972431FDA400BFDAAE /* ThreadPostCellDelegate.swift */ = {isa = PBXFileReference; lastKnownFileType = sourcecode.swift; path = ThreadPostCellDelegate.swift; sourceTree = "<group>"; };
		73C2A1992431FFAD00BFDAAE /* ThreadPresenter.swift */ = {isa = PBXFileReference; lastKnownFileType = sourcecode.swift; path = ThreadPresenter.swift; sourceTree = "<group>"; };
		73C2A19B2432000300BFDAAE /* ThreadInteractorInput.swift */ = {isa = PBXFileReference; lastKnownFileType = sourcecode.swift; path = ThreadInteractorInput.swift; sourceTree = "<group>"; };
		73C2A19D2432002200BFDAAE /* ThreadRouterInput.swift */ = {isa = PBXFileReference; lastKnownFileType = sourcecode.swift; path = ThreadRouterInput.swift; sourceTree = "<group>"; };
		73C2A19F243208A500BFDAAE /* ThreadInteractor.swift */ = {isa = PBXFileReference; lastKnownFileType = sourcecode.swift; path = ThreadInteractor.swift; sourceTree = "<group>"; };
		73C2A1A1243208F200BFDAAE /* ThreadInteractorOutput.swift */ = {isa = PBXFileReference; lastKnownFileType = sourcecode.swift; path = ThreadInteractorOutput.swift; sourceTree = "<group>"; };
		73C2A1A324322EAF00BFDAAE /* ThreadDataSourceImpl.swift */ = {isa = PBXFileReference; lastKnownFileType = sourcecode.swift; path = ThreadDataSourceImpl.swift; sourceTree = "<group>"; };
		73C2A1A524322F5E00BFDAAE /* ThreadDataSourceOutput.swift */ = {isa = PBXFileReference; lastKnownFileType = sourcecode.swift; path = ThreadDataSourceOutput.swift; sourceTree = "<group>"; };
		73C2A1A724322FD200BFDAAE /* ThreadRouter.swift */ = {isa = PBXFileReference; lastKnownFileType = sourcecode.swift; path = ThreadRouter.swift; sourceTree = "<group>"; };
		73C2A1A92432317D00BFDAAE /* ThreadConfigurator.swift */ = {isa = PBXFileReference; lastKnownFileType = sourcecode.swift; path = ThreadConfigurator.swift; sourceTree = "<group>"; };
		73C3FF702413C026009D4A18 /* Board.swift */ = {isa = PBXFileReference; lastKnownFileType = sourcecode.swift; path = Board.swift; sourceTree = "<group>"; };
		73C3FF722413C09F009D4A18 /* BoardCategoriesResponse.swift */ = {isa = PBXFileReference; lastKnownFileType = sourcecode.swift; path = BoardCategoriesResponse.swift; sourceTree = "<group>"; };
		73C3FF752413CD07009D4A18 /* Endpoint.swift */ = {isa = PBXFileReference; lastKnownFileType = sourcecode.swift; path = Endpoint.swift; sourceTree = "<group>"; };
		73C3FF772413D09C009D4A18 /* ApiClient.swift */ = {isa = PBXFileReference; lastKnownFileType = sourcecode.swift; path = ApiClient.swift; sourceTree = "<group>"; };
		73C3FF792413DBA8009D4A18 /* ApiError.swift */ = {isa = PBXFileReference; lastKnownFileType = sourcecode.swift; path = ApiError.swift; sourceTree = "<group>"; };
		73C3FF7B2413E024009D4A18 /* BoardsService.swift */ = {isa = PBXFileReference; lastKnownFileType = sourcecode.swift; path = BoardsService.swift; sourceTree = "<group>"; };
		73C3FF7E2413E0D7009D4A18 /* BoardsServiceImpl.swift */ = {isa = PBXFileReference; lastKnownFileType = sourcecode.swift; path = BoardsServiceImpl.swift; sourceTree = "<group>"; };
		73D0A938241E5B2900FF2C04 /* BoardThreadsService.swift */ = {isa = PBXFileReference; lastKnownFileType = sourcecode.swift; path = BoardThreadsService.swift; sourceTree = "<group>"; };
		73D0A93C241E5B6900FF2C04 /* ThreadResponse.swift */ = {isa = PBXFileReference; lastKnownFileType = sourcecode.swift; path = ThreadResponse.swift; sourceTree = "<group>"; };
		73D75C462413A28200A9554C /* iChan.app */ = {isa = PBXFileReference; explicitFileType = wrapper.application; includeInIndex = 0; path = iChan.app; sourceTree = BUILT_PRODUCTS_DIR; };
		73D75C492413A28200A9554C /* AppDelegate.swift */ = {isa = PBXFileReference; lastKnownFileType = sourcecode.swift; path = AppDelegate.swift; sourceTree = "<group>"; };
		73D75C4D2413A28200A9554C /* BoardSelectorViewController.swift */ = {isa = PBXFileReference; lastKnownFileType = sourcecode.swift; path = BoardSelectorViewController.swift; sourceTree = "<group>"; };
		73D75C522413A28300A9554C /* Assets.xcassets */ = {isa = PBXFileReference; lastKnownFileType = folder.assetcatalog; path = Assets.xcassets; sourceTree = "<group>"; };
		73D75C552413A28300A9554C /* Base */ = {isa = PBXFileReference; lastKnownFileType = file.storyboard; name = Base; path = Base.lproj/LaunchScreen.storyboard; sourceTree = "<group>"; };
		73D75C572413A28300A9554C /* Info.plist */ = {isa = PBXFileReference; lastKnownFileType = text.plist.xml; path = Info.plist; sourceTree = "<group>"; };
		73E3625F241622A3006029DA /* BoardTableViewCell.swift */ = {isa = PBXFileReference; lastKnownFileType = sourcecode.swift; path = BoardTableViewCell.swift; sourceTree = "<group>"; };
		73F38FB124339376007F7242 /* loading.json */ = {isa = PBXFileReference; fileEncoding = 4; lastKnownFileType = text.json; path = loading.json; sourceTree = "<group>"; };
		73F38FB7243486EE007F7242 /* UrlCheckerService.swift */ = {isa = PBXFileReference; lastKnownFileType = sourcecode.swift; path = UrlCheckerService.swift; sourceTree = "<group>"; };
		73F38FB924348753007F7242 /* UrlType.swift */ = {isa = PBXFileReference; lastKnownFileType = sourcecode.swift; path = UrlType.swift; sourceTree = "<group>"; };
		73F38FBB24348829007F7242 /* UrlCheckerServiceImpl.swift */ = {isa = PBXFileReference; lastKnownFileType = sourcecode.swift; path = UrlCheckerServiceImpl.swift; sourceTree = "<group>"; };
		802A2BA1270C9C6E6AEA76CA /* Pods-iChan.release.xcconfig */ = {isa = PBXFileReference; includeInIndex = 1; lastKnownFileType = text.xcconfig; name = "Pods-iChan.release.xcconfig"; path = "Target Support Files/Pods-iChan/Pods-iChan.release.xcconfig"; sourceTree = "<group>"; };
/* End PBXFileReference section */

/* Begin PBXFrameworksBuildPhase section */
		73D75C432413A28200A9554C /* Frameworks */ = {
			isa = PBXFrameworksBuildPhase;
			buildActionMask = 2147483647;
			files = (
				99E04C5437B385EA3F79346A /* Pods_iChan.framework in Frameworks */,
			);
			runOnlyForDeploymentPostprocessing = 0;
		};
/* End PBXFrameworksBuildPhase section */

/* Begin PBXGroup section */
		341C06CE119DCF665B480F7A /* Pods */ = {
			isa = PBXGroup;
			children = (
				4B5B5674A098CFA69125F925 /* Pods-iChan.debug.xcconfig */,
				802A2BA1270C9C6E6AEA76CA /* Pods-iChan.release.xcconfig */,
			);
			path = Pods;
			sourceTree = "<group>";
		};
		7306CEB62435DE6700B301D1 /* Post */ = {
			isa = PBXGroup;
			children = (
				7306CEBA2435DE8400B301D1 /* Router */,
				7306CEB92435DE7D00B301D1 /* Interactor */,
				7306CEB82435DE7500B301D1 /* Presenter */,
				7306CEB72435DE6F00B301D1 /* View */,
				736595FB243611F900DE04D9 /* PostConfigurator.swift */,
			);
			path = Post;
			sourceTree = "<group>";
		};
		7306CEB72435DE6F00B301D1 /* View */ = {
			isa = PBXGroup;
			children = (
				7306CEBB2435DF6300B301D1 /* PostViewController.swift */,
				7306CEC02435F1CF00B301D1 /* PostViewInput.swift */,
				7306CEC22435F2D000B301D1 /* PostViewOutput.swift */,
			);
			path = View;
			sourceTree = "<group>";
		};
		7306CEB82435DE7500B301D1 /* Presenter */ = {
			isa = PBXGroup;
			children = (
				7306CEC52435F3AC00B301D1 /* PostPresenter.swift */,
			);
			path = Presenter;
			sourceTree = "<group>";
		};
		7306CEB92435DE7D00B301D1 /* Interactor */ = {
			isa = PBXGroup;
			children = (
				736595F02435F45300DE04D9 /* PostInteractorInput.swift */,
				736595F52435FCF600DE04D9 /* PostInteractorOutput.swift */,
				736595F724360EC700DE04D9 /* PostInteractor.swift */,
			);
			path = Interactor;
			sourceTree = "<group>";
		};
		7306CEBA2435DE8400B301D1 /* Router */ = {
			isa = PBXGroup;
			children = (
				736595F32435F4C200DE04D9 /* PostRouterInput.swift */,
				736595F92436106D00DE04D9 /* PostRouter.swift */,
			);
			path = Router;
			sourceTree = "<group>";
		};
		7306CEBD2435E4F300B301D1 /* Views */ = {
			isa = PBXGroup;
			children = (
				7306CEBE2435E50F00B301D1 /* PostView.swift */,
			);
			path = Views;
			sourceTree = "<group>";
		};
		731431B0241E683E0065E0DB /* Dto */ = {
			isa = PBXGroup;
			children = (
				731431B1241E68460065E0DB /* Thread */,
			);
			path = Dto;
			sourceTree = "<group>";
		};
		731431B1241E68460065E0DB /* Thread */ = {
			isa = PBXGroup;
			children = (
				731431B2241E68630065E0DB /* ThreadDto.swift */,
			);
			path = Thread;
			sourceTree = "<group>";
		};
		731431B8241E70520065E0DB /* Thread Selector */ = {
			isa = PBXGroup;
			children = (
				73C2A1812430DF8500BFDAAE /* Entity */,
				731431D0241E8EF10065E0DB /* Data Source */,
				731431BC241E70830065E0DB /* Router */,
				731431BB241E707D0065E0DB /* Interactor */,
				731431BA241E70780065E0DB /* Presenter */,
				731431B9241E706E0065E0DB /* View */,
				731431D5241E90F70065E0DB /* ThreadSelectorConfigurator.swift */,
			);
			path = "Thread Selector";
			sourceTree = "<group>";
		};
		731431B9241E706E0065E0DB /* View */ = {
			isa = PBXGroup;
			children = (
				731431C1241E7F900065E0DB /* Cell */,
				731431BD241E70AC0065E0DB /* ThreadSelectorViewController.swift */,
				731431BF241E7C570065E0DB /* ThreadSelectorViewInput.swift */,
				731431C5241E8AEA0065E0DB /* ThreadSelectorViewOutput.swift */,
			);
			path = View;
			sourceTree = "<group>";
		};
		731431BA241E70780065E0DB /* Presenter */ = {
			isa = PBXGroup;
			children = (
				731431C7241E8B230065E0DB /* ThreadSelectorPresenter.swift */,
			);
			path = Presenter;
			sourceTree = "<group>";
		};
		731431BB241E707D0065E0DB /* Interactor */ = {
			isa = PBXGroup;
			children = (
				731431C9241E8BB10065E0DB /* ThreadSelectorInteractorInput.swift */,
				731431CC241E8BE20065E0DB /* ThreadSelectorInteractorOutput.swift */,
				731431CE241E8C270065E0DB /* ThreadSelectorInteractor.swift */,
			);
			path = Interactor;
			sourceTree = "<group>";
		};
		731431BC241E70830065E0DB /* Router */ = {
			isa = PBXGroup;
			children = (
				73C2A17D2430D9B400BFDAAE /* ThreadSelectorRouterInput.swift */,
				73C2A17F2430D9F100BFDAAE /* ThreadSelectorRouter.swift */,
			);
			path = Router;
			sourceTree = "<group>";
		};
		731431C1241E7F900065E0DB /* Cell */ = {
			isa = PBXGroup;
			children = (
				731431C2241E7FB00065E0DB /* ThreadTableViewCell.swift */,
				73C2A1792430D89700BFDAAE /* ThreadTableViewCellDelegate.swift */,
			);
			path = Cell;
			sourceTree = "<group>";
		};
		731431D0241E8EF10065E0DB /* Data Source */ = {
			isa = PBXGroup;
			children = (
				731431D1241E8F110065E0DB /* ThreadSelectorDataSource.swift */,
				731431D3241E8F4A0065E0DB /* ThreadSelectorDataSourceImpl.swift */,
				73C2A17B2430D94E00BFDAAE /* ThreadSelectorDataSourceOutput.swift */,
			);
			path = "Data Source";
			sourceTree = "<group>";
		};
		735E618A241CB9C4001053A6 /* Tab Bar */ = {
			isa = PBXGroup;
			children = (
				735E618C241CB9FC001053A6 /* MainTabBarController.swift */,
			);
			path = "Tab Bar";
			sourceTree = "<group>";
		};
		73828DB224153ED10073623D /* Data Source */ = {
			isa = PBXGroup;
			children = (
				73828DB324153EE90073623D /* BoardsDataSourceProtocol.swift */,
				73828DB82415482A0073623D /* BoardsDataSource.swift */,
				73744C8E241D1145005BE264 /* BoardsDataSourceOutput.swift */,
			);
			path = "Data Source";
			sourceTree = "<group>";
		};
		73C2A1812430DF8500BFDAAE /* Entity */ = {
			isa = PBXGroup;
			children = (
				73C2A1822430DFA000BFDAAE /* AttachmentDto.swift */,
			);
			path = Entity;
			sourceTree = "<group>";
		};
		73C2A1842431E9C700BFDAAE /* Thread */ = {
			isa = PBXGroup;
			children = (
				73C2A18F2431EDFA00BFDAAE /* Data Source */,
				73C2A1882431E9EC00BFDAAE /* Router */,
				73C2A1862431E9D400BFDAAE /* Interactor */,
				73C2A1872431E9DB00BFDAAE /* Presenter */,
				73C2A1852431E9CF00BFDAAE /* View */,
				73C2A1A92432317D00BFDAAE /* ThreadConfigurator.swift */,
			);
			path = Thread;
			sourceTree = "<group>";
		};
		73C2A1852431E9CF00BFDAAE /* View */ = {
			isa = PBXGroup;
			children = (
				73C2A1922431EF8000BFDAAE /* Cell */,
				73C2A1892431EA0900BFDAAE /* ThreadViewInput.swift */,
				73C2A18B2431EA2100BFDAAE /* ThreadViewOutput.swift */,
				73C2A1972431FDA400BFDAAE /* ThreadPostCellDelegate.swift */,
				73C2A18D2431EA5C00BFDAAE /* ThreadViewController.swift */,
			);
			path = View;
			sourceTree = "<group>";
		};
		73C2A1862431E9D400BFDAAE /* Interactor */ = {
			isa = PBXGroup;
			children = (
				73C2A19B2432000300BFDAAE /* ThreadInteractorInput.swift */,
				73C2A19F243208A500BFDAAE /* ThreadInteractor.swift */,
				73C2A1A1243208F200BFDAAE /* ThreadInteractorOutput.swift */,
			);
			path = Interactor;
			sourceTree = "<group>";
		};
		73C2A1872431E9DB00BFDAAE /* Presenter */ = {
			isa = PBXGroup;
			children = (
				73C2A1992431FFAD00BFDAAE /* ThreadPresenter.swift */,
			);
			path = Presenter;
			sourceTree = "<group>";
		};
		73C2A1882431E9EC00BFDAAE /* Router */ = {
			isa = PBXGroup;
			children = (
				73C2A19D2432002200BFDAAE /* ThreadRouterInput.swift */,
				73C2A1A724322FD200BFDAAE /* ThreadRouter.swift */,
			);
			path = Router;
			sourceTree = "<group>";
		};
		73C2A18F2431EDFA00BFDAAE /* Data Source */ = {
			isa = PBXGroup;
			children = (
				73C2A1902431EE0E00BFDAAE /* ThreadDataSource.swift */,
				73C2A1A324322EAF00BFDAAE /* ThreadDataSourceImpl.swift */,
				73C2A1A524322F5E00BFDAAE /* ThreadDataSourceOutput.swift */,
			);
			path = "Data Source";
			sourceTree = "<group>";
		};
		73C2A1922431EF8000BFDAAE /* Cell */ = {
			isa = PBXGroup;
			children = (
				73C2A1932431F08900BFDAAE /* ThreadPostCell.swift */,
				73C2A1952431F7C900BFDAAE /* AttachmentCell.swift */,
			);
			path = Cell;
			sourceTree = "<group>";
		};
		73C3FF682413BEE9009D4A18 /* Common */ = {
			isa = PBXGroup;
			children = (
				7306CEBD2435E4F300B301D1 /* Views */,
				73C3FF6F2413BFDE009D4A18 /* Service */,
				73C3FF6D2413BFCF009D4A18 /* Entity */,
				73C3FF6C2413BF0C009D4A18 /* Helpers */,
				73C3FF692413BEF5009D4A18 /* Constants */,
			);
			path = Common;
			sourceTree = "<group>";
		};
		73C3FF692413BEF5009D4A18 /* Constants */ = {
			isa = PBXGroup;
			children = (
				73828DAC2414EE1E0073623D /* Colors.swift */,
			);
			path = Constants;
			sourceTree = "<group>";
		};
		73C3FF6C2413BF0C009D4A18 /* Helpers */ = {
			isa = PBXGroup;
			children = (
				73828DAE24150FB90073623D /* Extensions.swift */,
			);
			path = Helpers;
			sourceTree = "<group>";
		};
		73C3FF6D2413BFCF009D4A18 /* Entity */ = {
			isa = PBXGroup;
			children = (
				731431B0241E683E0065E0DB /* Dto */,
				73C3FF6E2413BFD8009D4A18 /* Network */,
				73828DB5241544F50073623D /* BoardCategories.swift */,
			);
			path = Entity;
			sourceTree = "<group>";
		};
		73C3FF6E2413BFD8009D4A18 /* Network */ = {
			isa = PBXGroup;
			children = (
				73D0A93B241E5B5700FF2C04 /* Thread */,
				73D0A93A241E5B4E00FF2C04 /* Board */,
			);
			path = Network;
			sourceTree = "<group>";
		};
		73C3FF6F2413BFDE009D4A18 /* Service */ = {
			isa = PBXGroup;
			children = (
				73C3FF742413CBF2009D4A18 /* Network */,
			);
			path = Service;
			sourceTree = "<group>";
		};
		73C3FF742413CBF2009D4A18 /* Network */ = {
			isa = PBXGroup;
			children = (
				73F38FB5243486BE007F7242 /* URL Checker */,
				73D0A937241E5B0100FF2C04 /* Board Threads */,
				73D0A936241E5AEA00FF2C04 /* Board Categories */,
				73C3FF7D2413E0B8009D4A18 /* Common */,
				731431B6241E6A4D0065E0DB /* AbstractApiClientService.swift */,
			);
			path = Network;
			sourceTree = "<group>";
		};
		73C3FF7D2413E0B8009D4A18 /* Common */ = {
			isa = PBXGroup;
			children = (
				73C3FF752413CD07009D4A18 /* Endpoint.swift */,
				73C3FF772413D09C009D4A18 /* ApiClient.swift */,
				73C3FF792413DBA8009D4A18 /* ApiError.swift */,
			);
			path = Common;
			sourceTree = "<group>";
		};
		73D0A936241E5AEA00FF2C04 /* Board Categories */ = {
			isa = PBXGroup;
			children = (
				73C3FF7E2413E0D7009D4A18 /* BoardsServiceImpl.swift */,
				73C3FF7B2413E024009D4A18 /* BoardsService.swift */,
			);
			path = "Board Categories";
			sourceTree = "<group>";
		};
		73D0A937241E5B0100FF2C04 /* Board Threads */ = {
			isa = PBXGroup;
			children = (
				73D0A938241E5B2900FF2C04 /* BoardThreadsService.swift */,
				731431B4241E6A160065E0DB /* BoardThreadsServiceImpl.swift */,
			);
			path = "Board Threads";
			sourceTree = "<group>";
		};
		73D0A93A241E5B4E00FF2C04 /* Board */ = {
			isa = PBXGroup;
			children = (
				73C3FF702413C026009D4A18 /* Board.swift */,
				73C3FF722413C09F009D4A18 /* BoardCategoriesResponse.swift */,
			);
			path = Board;
			sourceTree = "<group>";
		};
		73D0A93B241E5B5700FF2C04 /* Thread */ = {
			isa = PBXGroup;
			children = (
				73D0A93C241E5B6900FF2C04 /* ThreadResponse.swift */,
				731431AC241E5E1F0065E0DB /* Thread.swift */,
				731431AE241E5E910065E0DB /* Post.swift */,
			);
			path = Thread;
			sourceTree = "<group>";
		};
		73D5DE9C2413E28000194F26 /* Modules */ = {
			isa = PBXGroup;
			children = (
				7306CEB62435DE6700B301D1 /* Post */,
				73C2A1842431E9C700BFDAAE /* Thread */,
				731431B8241E70520065E0DB /* Thread Selector */,
				735E618A241CB9C4001053A6 /* Tab Bar */,
				73D5DE9D2413E28900194F26 /* Board Selector */,
			);
			path = Modules;
			sourceTree = "<group>";
		};
		73D5DE9D2413E28900194F26 /* Board Selector */ = {
			isa = PBXGroup;
			children = (
				73828DB224153ED10073623D /* Data Source */,
				73D5DEA12413E4E300194F26 /* Interactor */,
				73D5DEA02413E30300194F26 /* View */,
				73D5DE9F2413E2A500194F26 /* Presenter */,
				73D5DE9E2413E29F00194F26 /* Router */,
				73828DC8241554100073623D /* BoardSelectorConfigurator.swift */,
			);
			path = "Board Selector";
			sourceTree = "<group>";
		};
		73D5DE9E2413E29F00194F26 /* Router */ = {
			isa = PBXGroup;
			children = (
				73828DC6241552430073623D /* BoardSelectorRouterInput.swift */,
				73828DCA2415548A0073623D /* BoardSelectorRouter.swift */,
			);
			path = Router;
			sourceTree = "<group>";
		};
		73D5DE9F2413E2A500194F26 /* Presenter */ = {
			isa = PBXGroup;
			children = (
				73828DBA24154D8F0073623D /* BoardSecectorPresenter.swift */,
			);
			path = Presenter;
			sourceTree = "<group>";
		};
		73D5DEA02413E30300194F26 /* View */ = {
			isa = PBXGroup;
			children = (
				73E3625E24162294006029DA /* Cell */,
				73D75C4D2413A28200A9554C /* BoardSelectorViewController.swift */,
				73828DB02415383D0073623D /* BoardSelectorViewOutput.swift */,
				73828DC224154E650073623D /* BoardSelectorViewInput.swift */,
			);
			path = View;
			sourceTree = "<group>";
		};
		73D5DEA12413E4E300194F26 /* Interactor */ = {
			isa = PBXGroup;
			children = (
				73828DBC24154DFF0073623D /* BoardSelectorInteractorInput.swift */,
				73828DC024154E3A0073623D /* BoardSelectorInteractorOutput.swift */,
				73828DC424154F0D0073623D /* BoardSelectorInteractor.swift */,
			);
			path = Interactor;
			sourceTree = "<group>";
		};
		73D75C3D2413A28200A9554C = {
			isa = PBXGroup;
			children = (
				73D75C482413A28200A9554C /* iChan */,
				73D75C472413A28200A9554C /* Products */,
				341C06CE119DCF665B480F7A /* Pods */,
				D74A718DECC252B6C64A5BFC /* Frameworks */,
			);
			sourceTree = "<group>";
		};
		73D75C472413A28200A9554C /* Products */ = {
			isa = PBXGroup;
			children = (
				73D75C462413A28200A9554C /* iChan.app */,
			);
			name = Products;
			sourceTree = "<group>";
		};
		73D75C482413A28200A9554C /* iChan */ = {
			isa = PBXGroup;
			children = (
				73F38FB32433937B007F7242 /* Animation */,
				73D5DE9C2413E28000194F26 /* Modules */,
				73C3FF682413BEE9009D4A18 /* Common */,
				73D75C492413A28200A9554C /* AppDelegate.swift */,
				73D75C522413A28300A9554C /* Assets.xcassets */,
				73D75C542413A28300A9554C /* LaunchScreen.storyboard */,
				73D75C572413A28300A9554C /* Info.plist */,
			);
			path = iChan;
			sourceTree = "<group>";
		};
		73E3625E24162294006029DA /* Cell */ = {
			isa = PBXGroup;
			children = (
				73E3625F241622A3006029DA /* BoardTableViewCell.swift */,
			);
			path = Cell;
			sourceTree = "<group>";
		};
		73F38FB32433937B007F7242 /* Animation */ = {
			isa = PBXGroup;
			children = (
				73F38FB424339387007F7242 /* Loading */,
			);
			path = Animation;
			sourceTree = "<group>";
		};
		73F38FB424339387007F7242 /* Loading */ = {
			isa = PBXGroup;
			children = (
				73F38FB124339376007F7242 /* loading.json */,
			);
			path = Loading;
			sourceTree = "<group>";
		};
		73F38FB5243486BE007F7242 /* URL Checker */ = {
			isa = PBXGroup;
			children = (
				73F38FB7243486EE007F7242 /* UrlCheckerService.swift */,
				73F38FB924348753007F7242 /* UrlType.swift */,
				73F38FBB24348829007F7242 /* UrlCheckerServiceImpl.swift */,
			);
			path = "URL Checker";
			sourceTree = "<group>";
		};
		D74A718DECC252B6C64A5BFC /* Frameworks */ = {
			isa = PBXGroup;
			children = (
				05D1E6D111D4E9256A3DF56F /* Pods_iChan.framework */,
			);
			name = Frameworks;
			sourceTree = "<group>";
		};
/* End PBXGroup section */

/* Begin PBXNativeTarget section */
		73D75C452413A28200A9554C /* iChan */ = {
			isa = PBXNativeTarget;
			buildConfigurationList = 73D75C5A2413A28300A9554C /* Build configuration list for PBXNativeTarget "iChan" */;
			buildPhases = (
				F8B5FC9FD0FA01FB5410E0D8 /* [CP] Check Pods Manifest.lock */,
				73D75C422413A28200A9554C /* Sources */,
				73D75C432413A28200A9554C /* Frameworks */,
				73D75C442413A28200A9554C /* Resources */,
				CF1D56CF151E67E3CE7E3DE2 /* [CP] Embed Pods Frameworks */,
			);
			buildRules = (
			);
			dependencies = (
			);
			name = iChan;
			productName = iChan;
			productReference = 73D75C462413A28200A9554C /* iChan.app */;
			productType = "com.apple.product-type.application";
		};
/* End PBXNativeTarget section */

/* Begin PBXProject section */
		73D75C3E2413A28200A9554C /* Project object */ = {
			isa = PBXProject;
			attributes = {
				LastSwiftUpdateCheck = 1100;
				LastUpgradeCheck = 1100;
				ORGANIZATIONNAME = Enoxus;
				TargetAttributes = {
					73D75C452413A28200A9554C = {
						CreatedOnToolsVersion = 11.0;
					};
				};
			};
			buildConfigurationList = 73D75C412413A28200A9554C /* Build configuration list for PBXProject "iChan" */;
			compatibilityVersion = "Xcode 9.3";
			developmentRegion = en;
			hasScannedForEncodings = 0;
			knownRegions = (
				en,
				Base,
			);
			mainGroup = 73D75C3D2413A28200A9554C;
			productRefGroup = 73D75C472413A28200A9554C /* Products */;
			projectDirPath = "";
			projectRoot = "";
			targets = (
				73D75C452413A28200A9554C /* iChan */,
			);
		};
/* End PBXProject section */

/* Begin PBXResourcesBuildPhase section */
		73D75C442413A28200A9554C /* Resources */ = {
			isa = PBXResourcesBuildPhase;
			buildActionMask = 2147483647;
			files = (
				73D75C562413A28300A9554C /* LaunchScreen.storyboard in Resources */,
				73D75C532413A28300A9554C /* Assets.xcassets in Resources */,
				73F38FB224339377007F7242 /* loading.json in Resources */,
			);
			runOnlyForDeploymentPostprocessing = 0;
		};
/* End PBXResourcesBuildPhase section */

/* Begin PBXShellScriptBuildPhase section */
		CF1D56CF151E67E3CE7E3DE2 /* [CP] Embed Pods Frameworks */ = {
			isa = PBXShellScriptBuildPhase;
			buildActionMask = 2147483647;
			files = (
			);
			inputFileListPaths = (
			);
			inputPaths = (
				"${PODS_ROOT}/Target Support Files/Pods-iChan/Pods-iChan-frameworks.sh",
				"${BUILT_PRODUCTS_DIR}/Cache/Cache.framework",
				"${BUILT_PRODUCTS_DIR}/Imaginary/Imaginary.framework",
				"${BUILT_PRODUCTS_DIR}/Lightbox/Lightbox.framework",
				"${BUILT_PRODUCTS_DIR}/SDWebImage/SDWebImage.framework",
				"${BUILT_PRODUCTS_DIR}/SnapKit/SnapKit.framework",
				"${BUILT_PRODUCTS_DIR}/lottie-ios/Lottie.framework",
			);
			name = "[CP] Embed Pods Frameworks";
			outputFileListPaths = (
			);
			outputPaths = (
				"${TARGET_BUILD_DIR}/${FRAMEWORKS_FOLDER_PATH}/Cache.framework",
				"${TARGET_BUILD_DIR}/${FRAMEWORKS_FOLDER_PATH}/Imaginary.framework",
				"${TARGET_BUILD_DIR}/${FRAMEWORKS_FOLDER_PATH}/Lightbox.framework",
				"${TARGET_BUILD_DIR}/${FRAMEWORKS_FOLDER_PATH}/SDWebImage.framework",
				"${TARGET_BUILD_DIR}/${FRAMEWORKS_FOLDER_PATH}/SnapKit.framework",
				"${TARGET_BUILD_DIR}/${FRAMEWORKS_FOLDER_PATH}/Lottie.framework",
			);
			runOnlyForDeploymentPostprocessing = 0;
			shellPath = /bin/sh;
			shellScript = "\"${PODS_ROOT}/Target Support Files/Pods-iChan/Pods-iChan-frameworks.sh\"\n";
			showEnvVarsInLog = 0;
		};
		F8B5FC9FD0FA01FB5410E0D8 /* [CP] Check Pods Manifest.lock */ = {
			isa = PBXShellScriptBuildPhase;
			buildActionMask = 2147483647;
			files = (
			);
			inputFileListPaths = (
			);
			inputPaths = (
				"${PODS_PODFILE_DIR_PATH}/Podfile.lock",
				"${PODS_ROOT}/Manifest.lock",
			);
			name = "[CP] Check Pods Manifest.lock";
			outputFileListPaths = (
			);
			outputPaths = (
				"$(DERIVED_FILE_DIR)/Pods-iChan-checkManifestLockResult.txt",
			);
			runOnlyForDeploymentPostprocessing = 0;
			shellPath = /bin/sh;
			shellScript = "diff \"${PODS_PODFILE_DIR_PATH}/Podfile.lock\" \"${PODS_ROOT}/Manifest.lock\" > /dev/null\nif [ $? != 0 ] ; then\n    # print error to STDERR\n    echo \"error: The sandbox is not in sync with the Podfile.lock. Run 'pod install' or update your CocoaPods installation.\" >&2\n    exit 1\nfi\n# This output is used by Xcode 'outputs' to avoid re-running this script phase.\necho \"SUCCESS\" > \"${SCRIPT_OUTPUT_FILE_0}\"\n";
			showEnvVarsInLog = 0;
		};
/* End PBXShellScriptBuildPhase section */

/* Begin PBXSourcesBuildPhase section */
		73D75C422413A28200A9554C /* Sources */ = {
			isa = PBXSourcesBuildPhase;
			buildActionMask = 2147483647;
			files = (
				73C3FF7C2413E024009D4A18 /* BoardsService.swift in Sources */,
				731431AD241E5E1F0065E0DB /* Thread.swift in Sources */,
				73828DBB24154D8F0073623D /* BoardSecectorPresenter.swift in Sources */,
				73828DCB2415548A0073623D /* BoardSelectorRouter.swift in Sources */,
				73828DAD2414EE1E0073623D /* Colors.swift in Sources */,
				7306CEC12435F1CF00B301D1 /* PostViewInput.swift in Sources */,
				73C3FF762413CD07009D4A18 /* Endpoint.swift in Sources */,
				73C2A1AA2432317D00BFDAAE /* ThreadConfigurator.swift in Sources */,
				73C2A1A824322FD200BFDAAE /* ThreadRouter.swift in Sources */,
				7306CEC32435F2D000B301D1 /* PostViewOutput.swift in Sources */,
				73C2A17C2430D94E00BFDAAE /* ThreadSelectorDataSourceOutput.swift in Sources */,
				73828DB12415383D0073623D /* BoardSelectorViewOutput.swift in Sources */,
				73D75C4E2413A28200A9554C /* BoardSelectorViewController.swift in Sources */,
				73828DC9241554100073623D /* BoardSelectorConfigurator.swift in Sources */,
				73C2A19A2431FFAD00BFDAAE /* ThreadPresenter.swift in Sources */,
				7306CEC62435F3AC00B301D1 /* PostPresenter.swift in Sources */,
				73C2A1832430DFA000BFDAAE /* AttachmentDto.swift in Sources */,
				731431B3241E68630065E0DB /* ThreadDto.swift in Sources */,
				73C2A18E2431EA5C00BFDAAE /* ThreadViewController.swift in Sources */,
				73E36260241622A3006029DA /* BoardTableViewCell.swift in Sources */,
				73828DC524154F0D0073623D /* BoardSelectorInteractor.swift in Sources */,
				73828DC324154E650073623D /* BoardSelectorViewInput.swift in Sources */,
				731431C8241E8B230065E0DB /* ThreadSelectorPresenter.swift in Sources */,
				736595F62435FCF600DE04D9 /* PostInteractorOutput.swift in Sources */,
				73D75C4A2413A28200A9554C /* AppDelegate.swift in Sources */,
				73F38FBC24348829007F7242 /* UrlCheckerServiceImpl.swift in Sources */,
				736595F42435F4C200DE04D9 /* PostRouterInput.swift in Sources */,
				73C2A17A2430D89700BFDAAE /* ThreadTableViewCellDelegate.swift in Sources */,
				736595FC243611F900DE04D9 /* PostConfigurator.swift in Sources */,
				73C2A1942431F08900BFDAAE /* ThreadPostCell.swift in Sources */,
				731431BE241E70AC0065E0DB /* ThreadSelectorViewController.swift in Sources */,
				73C2A17E2430D9B400BFDAAE /* ThreadSelectorRouterInput.swift in Sources */,
				731431CD241E8BE20065E0DB /* ThreadSelectorInteractorOutput.swift in Sources */,
				73C2A1962431F7C900BFDAAE /* AttachmentCell.swift in Sources */,
				7306CEBF2435E50F00B301D1 /* PostView.swift in Sources */,
				73C2A1982431FDA400BFDAAE /* ThreadPostCellDelegate.swift in Sources */,
				73828DC124154E3A0073623D /* BoardSelectorInteractorOutput.swift in Sources */,
				736595F824360EC700DE04D9 /* PostInteractor.swift in Sources */,
				73F38FB8243486EE007F7242 /* UrlCheckerService.swift in Sources */,
				73C2A1A624322F5E00BFDAAE /* ThreadDataSourceOutput.swift in Sources */,
				73C3FF7F2413E0D7009D4A18 /* BoardsServiceImpl.swift in Sources */,
				73C2A1A424322EAF00BFDAAE /* ThreadDataSourceImpl.swift in Sources */,
				73C2A1A0243208A500BFDAAE /* ThreadInteractor.swift in Sources */,
				731431CA241E8BB10065E0DB /* ThreadSelectorInteractorInput.swift in Sources */,
				73C3FF782413D09C009D4A18 /* ApiClient.swift in Sources */,
				73C2A1A2243208F200BFDAAE /* ThreadInteractorOutput.swift in Sources */,
				731431CF241E8C270065E0DB /* ThreadSelectorInteractor.swift in Sources */,
				73828DB92415482A0073623D /* BoardsDataSource.swift in Sources */,
				73C2A19C2432000300BFDAAE /* ThreadInteractorInput.swift in Sources */,
				731431B5241E6A160065E0DB /* BoardThreadsServiceImpl.swift in Sources */,
				73D0A93D241E5B6900FF2C04 /* ThreadResponse.swift in Sources */,
				73D0A939241E5B2900FF2C04 /* BoardThreadsService.swift in Sources */,
				73C2A18C2431EA2100BFDAAE /* ThreadViewOutput.swift in Sources */,
				73828DBD24154DFF0073623D /* BoardSelectorInteractorInput.swift in Sources */,
				731431AF241E5E910065E0DB /* Post.swift in Sources */,
				731431C0241E7C570065E0DB /* ThreadSelectorViewInput.swift in Sources */,
				731431B7241E6A4D0065E0DB /* AbstractApiClientService.swift in Sources */,
				73744C8F241D1145005BE264 /* BoardsDataSourceOutput.swift in Sources */,
				73C3FF712413C026009D4A18 /* Board.swift in Sources */,
				736595FA2436106D00DE04D9 /* PostRouter.swift in Sources */,
				73C2A19E2432002200BFDAAE /* ThreadRouterInput.swift in Sources */,
				731431C3241E7FB00065E0DB /* ThreadTableViewCell.swift in Sources */,
				73828DC7241552430073623D /* BoardSelectorRouterInput.swift in Sources */,
				7306CEBC2435DF6300B301D1 /* PostViewController.swift in Sources */,
				736595F12435F45300DE04D9 /* PostInteractorInput.swift in Sources */,
				731431D2241E8F110065E0DB /* ThreadSelectorDataSource.swift in Sources */,
				731431C6241E8AEA0065E0DB /* ThreadSelectorViewOutput.swift in Sources */,
				73C2A1912431EE0E00BFDAAE /* ThreadDataSource.swift in Sources */,
				73828DAF24150FB90073623D /* Extensions.swift in Sources */,
				731431D6241E90F70065E0DB /* ThreadSelectorConfigurator.swift in Sources */,
				735E618D241CB9FC001053A6 /* MainTabBarController.swift in Sources */,
				73F38FBA24348753007F7242 /* UrlType.swift in Sources */,
				73C3FF7A2413DBA8009D4A18 /* ApiError.swift in Sources */,
				73828DB424153EE90073623D /* BoardsDataSourceProtocol.swift in Sources */,
				73828DB6241544F50073623D /* BoardCategories.swift in Sources */,
				73C3FF732413C09F009D4A18 /* BoardCategoriesResponse.swift in Sources */,
				731431D4241E8F4A0065E0DB /* ThreadSelectorDataSourceImpl.swift in Sources */,
				73C2A1802430D9F100BFDAAE /* ThreadSelectorRouter.swift in Sources */,
				73C2A18A2431EA0900BFDAAE /* ThreadViewInput.swift in Sources */,
			);
			runOnlyForDeploymentPostprocessing = 0;
		};
/* End PBXSourcesBuildPhase section */

/* Begin PBXVariantGroup section */
		73D75C542413A28300A9554C /* LaunchScreen.storyboard */ = {
			isa = PBXVariantGroup;
			children = (
				73D75C552413A28300A9554C /* Base */,
			);
			name = LaunchScreen.storyboard;
			sourceTree = "<group>";
		};
/* End PBXVariantGroup section */

/* Begin XCBuildConfiguration section */
		73D75C582413A28300A9554C /* Debug */ = {
			isa = XCBuildConfiguration;
			buildSettings = {
				ALWAYS_SEARCH_USER_PATHS = NO;
				CLANG_ANALYZER_NONNULL = YES;
				CLANG_ANALYZER_NUMBER_OBJECT_CONVERSION = YES_AGGRESSIVE;
				CLANG_CXX_LANGUAGE_STANDARD = "gnu++14";
				CLANG_CXX_LIBRARY = "libc++";
				CLANG_ENABLE_MODULES = YES;
				CLANG_ENABLE_OBJC_ARC = YES;
				CLANG_ENABLE_OBJC_WEAK = YES;
				CLANG_WARN_BLOCK_CAPTURE_AUTORELEASING = YES;
				CLANG_WARN_BOOL_CONVERSION = YES;
				CLANG_WARN_COMMA = YES;
				CLANG_WARN_CONSTANT_CONVERSION = YES;
				CLANG_WARN_DEPRECATED_OBJC_IMPLEMENTATIONS = YES;
				CLANG_WARN_DIRECT_OBJC_ISA_USAGE = YES_ERROR;
				CLANG_WARN_DOCUMENTATION_COMMENTS = YES;
				CLANG_WARN_EMPTY_BODY = YES;
				CLANG_WARN_ENUM_CONVERSION = YES;
				CLANG_WARN_INFINITE_RECURSION = YES;
				CLANG_WARN_INT_CONVERSION = YES;
				CLANG_WARN_NON_LITERAL_NULL_CONVERSION = YES;
				CLANG_WARN_OBJC_IMPLICIT_RETAIN_SELF = YES;
				CLANG_WARN_OBJC_LITERAL_CONVERSION = YES;
				CLANG_WARN_OBJC_ROOT_CLASS = YES_ERROR;
				CLANG_WARN_RANGE_LOOP_ANALYSIS = YES;
				CLANG_WARN_STRICT_PROTOTYPES = YES;
				CLANG_WARN_SUSPICIOUS_MOVE = YES;
				CLANG_WARN_UNGUARDED_AVAILABILITY = YES_AGGRESSIVE;
				CLANG_WARN_UNREACHABLE_CODE = YES;
				CLANG_WARN__DUPLICATE_METHOD_MATCH = YES;
				COPY_PHASE_STRIP = NO;
				DEBUG_INFORMATION_FORMAT = dwarf;
				ENABLE_STRICT_OBJC_MSGSEND = YES;
				ENABLE_TESTABILITY = YES;
				GCC_C_LANGUAGE_STANDARD = gnu11;
				GCC_DYNAMIC_NO_PIC = NO;
				GCC_NO_COMMON_BLOCKS = YES;
				GCC_OPTIMIZATION_LEVEL = 0;
				GCC_PREPROCESSOR_DEFINITIONS = (
					"DEBUG=1",
					"$(inherited)",
				);
				GCC_WARN_64_TO_32_BIT_CONVERSION = YES;
				GCC_WARN_ABOUT_RETURN_TYPE = YES_ERROR;
				GCC_WARN_UNDECLARED_SELECTOR = YES;
				GCC_WARN_UNINITIALIZED_AUTOS = YES_AGGRESSIVE;
				GCC_WARN_UNUSED_FUNCTION = YES;
				GCC_WARN_UNUSED_VARIABLE = YES;
				IPHONEOS_DEPLOYMENT_TARGET = 13.0;
				MTL_ENABLE_DEBUG_INFO = INCLUDE_SOURCE;
				MTL_FAST_MATH = YES;
				ONLY_ACTIVE_ARCH = YES;
				SDKROOT = iphoneos;
				SWIFT_ACTIVE_COMPILATION_CONDITIONS = DEBUG;
				SWIFT_OPTIMIZATION_LEVEL = "-Onone";
			};
			name = Debug;
		};
		73D75C592413A28300A9554C /* Release */ = {
			isa = XCBuildConfiguration;
			buildSettings = {
				ALWAYS_SEARCH_USER_PATHS = NO;
				CLANG_ANALYZER_NONNULL = YES;
				CLANG_ANALYZER_NUMBER_OBJECT_CONVERSION = YES_AGGRESSIVE;
				CLANG_CXX_LANGUAGE_STANDARD = "gnu++14";
				CLANG_CXX_LIBRARY = "libc++";
				CLANG_ENABLE_MODULES = YES;
				CLANG_ENABLE_OBJC_ARC = YES;
				CLANG_ENABLE_OBJC_WEAK = YES;
				CLANG_WARN_BLOCK_CAPTURE_AUTORELEASING = YES;
				CLANG_WARN_BOOL_CONVERSION = YES;
				CLANG_WARN_COMMA = YES;
				CLANG_WARN_CONSTANT_CONVERSION = YES;
				CLANG_WARN_DEPRECATED_OBJC_IMPLEMENTATIONS = YES;
				CLANG_WARN_DIRECT_OBJC_ISA_USAGE = YES_ERROR;
				CLANG_WARN_DOCUMENTATION_COMMENTS = YES;
				CLANG_WARN_EMPTY_BODY = YES;
				CLANG_WARN_ENUM_CONVERSION = YES;
				CLANG_WARN_INFINITE_RECURSION = YES;
				CLANG_WARN_INT_CONVERSION = YES;
				CLANG_WARN_NON_LITERAL_NULL_CONVERSION = YES;
				CLANG_WARN_OBJC_IMPLICIT_RETAIN_SELF = YES;
				CLANG_WARN_OBJC_LITERAL_CONVERSION = YES;
				CLANG_WARN_OBJC_ROOT_CLASS = YES_ERROR;
				CLANG_WARN_RANGE_LOOP_ANALYSIS = YES;
				CLANG_WARN_STRICT_PROTOTYPES = YES;
				CLANG_WARN_SUSPICIOUS_MOVE = YES;
				CLANG_WARN_UNGUARDED_AVAILABILITY = YES_AGGRESSIVE;
				CLANG_WARN_UNREACHABLE_CODE = YES;
				CLANG_WARN__DUPLICATE_METHOD_MATCH = YES;
				COPY_PHASE_STRIP = NO;
				DEBUG_INFORMATION_FORMAT = "dwarf-with-dsym";
				ENABLE_NS_ASSERTIONS = NO;
				ENABLE_STRICT_OBJC_MSGSEND = YES;
				GCC_C_LANGUAGE_STANDARD = gnu11;
				GCC_NO_COMMON_BLOCKS = YES;
				GCC_WARN_64_TO_32_BIT_CONVERSION = YES;
				GCC_WARN_ABOUT_RETURN_TYPE = YES_ERROR;
				GCC_WARN_UNDECLARED_SELECTOR = YES;
				GCC_WARN_UNINITIALIZED_AUTOS = YES_AGGRESSIVE;
				GCC_WARN_UNUSED_FUNCTION = YES;
				GCC_WARN_UNUSED_VARIABLE = YES;
				IPHONEOS_DEPLOYMENT_TARGET = 13.0;
				MTL_ENABLE_DEBUG_INFO = NO;
				MTL_FAST_MATH = YES;
				SDKROOT = iphoneos;
				SWIFT_COMPILATION_MODE = wholemodule;
				SWIFT_OPTIMIZATION_LEVEL = "-O";
				VALIDATE_PRODUCT = YES;
			};
			name = Release;
		};
		73D75C5B2413A28300A9554C /* Debug */ = {
			isa = XCBuildConfiguration;
			baseConfigurationReference = 4B5B5674A098CFA69125F925 /* Pods-iChan.debug.xcconfig */;
			buildSettings = {
				ASSETCATALOG_COMPILER_APPICON_NAME = AppIcon;
				CODE_SIGN_STYLE = Automatic;
				DEVELOPMENT_TEAM = 593ZV4B3B7;
				INFOPLIST_FILE = iChan/Info.plist;
				IPHONEOS_DEPLOYMENT_TARGET = 11.0;
				LD_RUNPATH_SEARCH_PATHS = (
					"$(inherited)",
					"@executable_path/Frameworks",
				);
				PRODUCT_BUNDLE_IDENTIFIER = com.enoxus.iChan;
				PRODUCT_NAME = "$(TARGET_NAME)";
				SWIFT_VERSION = 5.0;
				TARGETED_DEVICE_FAMILY = "1,2";
			};
			name = Debug;
		};
		73D75C5C2413A28300A9554C /* Release */ = {
			isa = XCBuildConfiguration;
			baseConfigurationReference = 802A2BA1270C9C6E6AEA76CA /* Pods-iChan.release.xcconfig */;
			buildSettings = {
				ASSETCATALOG_COMPILER_APPICON_NAME = AppIcon;
				CODE_SIGN_STYLE = Automatic;
				DEVELOPMENT_TEAM = 593ZV4B3B7;
				INFOPLIST_FILE = iChan/Info.plist;
				IPHONEOS_DEPLOYMENT_TARGET = 11.0;
				LD_RUNPATH_SEARCH_PATHS = (
					"$(inherited)",
					"@executable_path/Frameworks",
				);
				PRODUCT_BUNDLE_IDENTIFIER = com.enoxus.iChan;
				PRODUCT_NAME = "$(TARGET_NAME)";
				SWIFT_VERSION = 5.0;
				TARGETED_DEVICE_FAMILY = "1,2";
			};
			name = Release;
		};
/* End XCBuildConfiguration section */

/* Begin XCConfigurationList section */
		73D75C412413A28200A9554C /* Build configuration list for PBXProject "iChan" */ = {
			isa = XCConfigurationList;
			buildConfigurations = (
				73D75C582413A28300A9554C /* Debug */,
				73D75C592413A28300A9554C /* Release */,
			);
			defaultConfigurationIsVisible = 0;
			defaultConfigurationName = Release;
		};
		73D75C5A2413A28300A9554C /* Build configuration list for PBXNativeTarget "iChan" */ = {
			isa = XCConfigurationList;
			buildConfigurations = (
				73D75C5B2413A28300A9554C /* Debug */,
				73D75C5C2413A28300A9554C /* Release */,
			);
			defaultConfigurationIsVisible = 0;
			defaultConfigurationName = Release;
		};
/* End XCConfigurationList section */
	};
	rootObject = 73D75C3E2413A28200A9554C /* Project object */;
}
